// !$*UTF8*$!
{
	archiveVersion = 1;
	classes = {
	};
	objectVersion = 46;
	objects = {

/* Begin PBXBuildFile section */
		890B8A8C1FAB5EFD00A95EA9 /* AppDelegate.swift in Sources */ = {isa = PBXBuildFile; fileRef = 890B8A8B1FAB5EFD00A95EA9 /* AppDelegate.swift */; };
		890B8A8E1FAB5EFD00A95EA9 /* ViewController.swift in Sources */ = {isa = PBXBuildFile; fileRef = 890B8A8D1FAB5EFD00A95EA9 /* ViewController.swift */; };
		890B8A911FAB5EFD00A95EA9 /* tap.storyboard in Resources */ = {isa = PBXBuildFile; fileRef = 890B8A8F1FAB5EFD00A95EA9 /* tap.storyboard */; };
		890B8A931FAB5EFD00A95EA9 /* Assets.xcassets in Resources */ = {isa = PBXBuildFile; fileRef = 890B8A921FAB5EFD00A95EA9 /* Assets.xcassets */; };
		890B8A961FAB5EFD00A95EA9 /* LaunchScreen.storyboard in Resources */ = {isa = PBXBuildFile; fileRef = 890B8A941FAB5EFD00A95EA9 /* LaunchScreen.storyboard */; };
		890B8AA11FAB5EFD00A95EA9 /* SheffieldTests.swift in Sources */ = {isa = PBXBuildFile; fileRef = 890B8AA01FAB5EFD00A95EA9 /* SheffieldTests.swift */; };
		890B8AAC1FAB5EFD00A95EA9 /* SheffieldUITests.swift in Sources */ = {isa = PBXBuildFile; fileRef = 890B8AAB1FAB5EFD00A95EA9 /* SheffieldUITests.swift */; };
/* End PBXBuildFile section */

/* Begin PBXContainerItemProxy section */
		890B8A9D1FAB5EFD00A95EA9 /* PBXContainerItemProxy */ = {
			isa = PBXContainerItemProxy;
			containerPortal = 890B8A801FAB5EFD00A95EA9 /* Project object */;
			proxyType = 1;
			remoteGlobalIDString = 890B8A871FAB5EFD00A95EA9;
			remoteInfo = Sheffield;
		};
		890B8AA81FAB5EFD00A95EA9 /* PBXContainerItemProxy */ = {
			isa = PBXContainerItemProxy;
			containerPortal = 890B8A801FAB5EFD00A95EA9 /* Project object */;
			proxyType = 1;
			remoteGlobalIDString = 890B8A871FAB5EFD00A95EA9;
			remoteInfo = Sheffield;
		};
/* End PBXContainerItemProxy section */

/* Begin PBXFileReference section */
		890B8A881FAB5EFD00A95EA9 /* Sheffield.app */ = {isa = PBXFileReference; explicitFileType = wrapper.application; includeInIndex = 0; path = Sheffield.app; sourceTree = BUILT_PRODUCTS_DIR; };
		890B8A8B1FAB5EFD00A95EA9 /* AppDelegate.swift */ = {isa = PBXFileReference; lastKnownFileType = sourcecode.swift; path = AppDelegate.swift; sourceTree = "<group>"; };
		890B8A8D1FAB5EFD00A95EA9 /* ViewController.swift */ = {isa = PBXFileReference; lastKnownFileType = sourcecode.swift; path = ViewController.swift; sourceTree = "<group>"; };
		890B8A901FAB5EFD00A95EA9 /* Base */ = {isa = PBXFileReference; lastKnownFileType = file.storyboard; name = Base; path = Base.lproj/tap.storyboard; sourceTree = "<group>"; };
		890B8A921FAB5EFD00A95EA9 /* Assets.xcassets */ = {isa = PBXFileReference; lastKnownFileType = folder.assetcatalog; path = Assets.xcassets; sourceTree = "<group>"; };
		890B8A951FAB5EFD00A95EA9 /* Base */ = {isa = PBXFileReference; lastKnownFileType = file.storyboard; name = Base; path = Base.lproj/LaunchScreen.storyboard; sourceTree = "<group>"; };
		890B8A971FAB5EFD00A95EA9 /* Info.plist */ = {isa = PBXFileReference; lastKnownFileType = text.plist.xml; path = Info.plist; sourceTree = "<group>"; };
		890B8A9C1FAB5EFD00A95EA9 /* SheffieldTests.xctest */ = {isa = PBXFileReference; explicitFileType = wrapper.cfbundle; includeInIndex = 0; path = SheffieldTests.xctest; sourceTree = BUILT_PRODUCTS_DIR; };
		890B8AA01FAB5EFD00A95EA9 /* SheffieldTests.swift */ = {isa = PBXFileReference; lastKnownFileType = sourcecode.swift; path = SheffieldTests.swift; sourceTree = "<group>"; };
		890B8AA21FAB5EFD00A95EA9 /* Info.plist */ = {isa = PBXFileReference; lastKnownFileType = text.plist.xml; path = Info.plist; sourceTree = "<group>"; };
		890B8AA71FAB5EFD00A95EA9 /* SheffieldUITests.xctest */ = {isa = PBXFileReference; explicitFileType = wrapper.cfbundle; includeInIndex = 0; path = SheffieldUITests.xctest; sourceTree = BUILT_PRODUCTS_DIR; };
		890B8AAB1FAB5EFD00A95EA9 /* SheffieldUITests.swift */ = {isa = PBXFileReference; lastKnownFileType = sourcecode.swift; path = SheffieldUITests.swift; sourceTree = "<group>"; };
		890B8AAD1FAB5EFD00A95EA9 /* Info.plist */ = {isa = PBXFileReference; lastKnownFileType = text.plist.xml; path = Info.plist; sourceTree = "<group>"; };
/* End PBXFileReference section */

/* Begin PBXFrameworksBuildPhase section */
		890B8A851FAB5EFD00A95EA9 /* Frameworks */ = {
			isa = PBXFrameworksBuildPhase;
			buildActionMask = 2147483647;
			files = (
			);
			runOnlyForDeploymentPostprocessing = 0;
		};
		890B8A991FAB5EFD00A95EA9 /* Frameworks */ = {
			isa = PBXFrameworksBuildPhase;
			buildActionMask = 2147483647;
			files = (
			);
			runOnlyForDeploymentPostprocessing = 0;
		};
		890B8AA41FAB5EFD00A95EA9 /* Frameworks */ = {
			isa = PBXFrameworksBuildPhase;
			buildActionMask = 2147483647;
			files = (
			);
			runOnlyForDeploymentPostprocessing = 0;
		};
/* End PBXFrameworksBuildPhase section */

/* Begin PBXGroup section */
		890B8A7F1FAB5EFD00A95EA9 = {
			isa = PBXGroup;
			children = (
				890B8A8A1FAB5EFD00A95EA9 /* Sheffield */,
				890B8A9F1FAB5EFD00A95EA9 /* SheffieldTests */,
				890B8AAA1FAB5EFD00A95EA9 /* SheffieldUITests */,
				890B8A891FAB5EFD00A95EA9 /* Products */,
			);
			sourceTree = "<group>";
		};
		890B8A891FAB5EFD00A95EA9 /* Products */ = {
			isa = PBXGroup;
			children = (
				890B8A881FAB5EFD00A95EA9 /* Sheffield.app */,
				890B8A9C1FAB5EFD00A95EA9 /* SheffieldTests.xctest */,
				890B8AA71FAB5EFD00A95EA9 /* SheffieldUITests.xctest */,
			);
			name = Products;
			sourceTree = "<group>";
		};
		890B8A8A1FAB5EFD00A95EA9 /* Sheffield */ = {
			isa = PBXGroup;
			children = (
				890B8A8B1FAB5EFD00A95EA9 /* AppDelegate.swift */,
				890B8A8D1FAB5EFD00A95EA9 /* ViewController.swift */,
				890B8A8F1FAB5EFD00A95EA9 /* tap.storyboard */,
				890B8A921FAB5EFD00A95EA9 /* Assets.xcassets */,
				890B8A941FAB5EFD00A95EA9 /* LaunchScreen.storyboard */,
				890B8A971FAB5EFD00A95EA9 /* Info.plist */,
			);
			path = Sheffield;
			sourceTree = "<group>";
		};
		890B8A9F1FAB5EFD00A95EA9 /* SheffieldTests */ = {
			isa = PBXGroup;
			children = (
				890B8AA01FAB5EFD00A95EA9 /* SheffieldTests.swift */,
				890B8AA21FAB5EFD00A95EA9 /* Info.plist */,
			);
			path = SheffieldTests;
			sourceTree = "<group>";
		};
		890B8AAA1FAB5EFD00A95EA9 /* SheffieldUITests */ = {
			isa = PBXGroup;
			children = (
				890B8AAB1FAB5EFD00A95EA9 /* SheffieldUITests.swift */,
				890B8AAD1FAB5EFD00A95EA9 /* Info.plist */,
			);
			path = SheffieldUITests;
			sourceTree = "<group>";
		};
/* End PBXGroup section */

/* Begin PBXNativeTarget section */
		890B8A871FAB5EFD00A95EA9 /* Sheffield */ = {
			isa = PBXNativeTarget;
			buildConfigurationList = 890B8AB01FAB5EFD00A95EA9 /* Build configuration list for PBXNativeTarget "Sheffield" */;
			buildPhases = (
				890B8A841FAB5EFD00A95EA9 /* Sources */,
				890B8A851FAB5EFD00A95EA9 /* Frameworks */,
				890B8A861FAB5EFD00A95EA9 /* Resources */,
			);
			buildRules = (
			);
			dependencies = (
			);
			name = Sheffield;
			productName = Sheffield;
			productReference = 890B8A881FAB5EFD00A95EA9 /* Sheffield.app */;
			productType = "com.apple.product-type.application";
		};
		890B8A9B1FAB5EFD00A95EA9 /* SheffieldTests */ = {
			isa = PBXNativeTarget;
			buildConfigurationList = 890B8AB31FAB5EFD00A95EA9 /* Build configuration list for PBXNativeTarget "SheffieldTests" */;
			buildPhases = (
				890B8A981FAB5EFD00A95EA9 /* Sources */,
				890B8A991FAB5EFD00A95EA9 /* Frameworks */,
				890B8A9A1FAB5EFD00A95EA9 /* Resources */,
			);
			buildRules = (
			);
			dependencies = (
				890B8A9E1FAB5EFD00A95EA9 /* PBXTargetDependency */,
			);
			name = SheffieldTests;
			productName = SheffieldTests;
			productReference = 890B8A9C1FAB5EFD00A95EA9 /* SheffieldTests.xctest */;
			productType = "com.apple.product-type.bundle.unit-test";
		};
		890B8AA61FAB5EFD00A95EA9 /* SheffieldUITests */ = {
			isa = PBXNativeTarget;
			buildConfigurationList = 890B8AB61FAB5EFD00A95EA9 /* Build configuration list for PBXNativeTarget "SheffieldUITests" */;
			buildPhases = (
				890B8AA31FAB5EFD00A95EA9 /* Sources */,
				890B8AA41FAB5EFD00A95EA9 /* Frameworks */,
				890B8AA51FAB5EFD00A95EA9 /* Resources */,
			);
			buildRules = (
			);
			dependencies = (
				890B8AA91FAB5EFD00A95EA9 /* PBXTargetDependency */,
			);
			name = SheffieldUITests;
			productName = SheffieldUITests;
			productReference = 890B8AA71FAB5EFD00A95EA9 /* SheffieldUITests.xctest */;
			productType = "com.apple.product-type.bundle.ui-testing";
		};
/* End PBXNativeTarget section */

/* Begin PBXProject section */
		890B8A801FAB5EFD00A95EA9 /* Project object */ = {
			isa = PBXProject;
			attributes = {
				LastSwiftUpdateCheck = 0830;
				LastUpgradeCheck = 0830;
				ORGANIZATIONNAME = acq17ch;
				TargetAttributes = {
					890B8A871FAB5EFD00A95EA9 = {
						CreatedOnToolsVersion = 8.3.3;
						ProvisioningStyle = Automatic;
					};
					890B8A9B1FAB5EFD00A95EA9 = {
						CreatedOnToolsVersion = 8.3.3;
						ProvisioningStyle = Automatic;
						TestTargetID = 890B8A871FAB5EFD00A95EA9;
					};
					890B8AA61FAB5EFD00A95EA9 = {
						CreatedOnToolsVersion = 8.3.3;
						ProvisioningStyle = Automatic;
						TestTargetID = 890B8A871FAB5EFD00A95EA9;
					};
				};
			};
			buildConfigurationList = 890B8A831FAB5EFD00A95EA9 /* Build configuration list for PBXProject "Sheffield" */;
			compatibilityVersion = "Xcode 3.2";
			developmentRegion = English;
			hasScannedForEncodings = 0;
			knownRegions = (
				en,
				Base,
			);
			mainGroup = 890B8A7F1FAB5EFD00A95EA9;
			productRefGroup = 890B8A891FAB5EFD00A95EA9 /* Products */;
			projectDirPath = "";
			projectRoot = "";
			targets = (
				890B8A871FAB5EFD00A95EA9 /* Sheffield */,
				890B8A9B1FAB5EFD00A95EA9 /* SheffieldTests */,
				890B8AA61FAB5EFD00A95EA9 /* SheffieldUITests */,
			);
		};
/* End PBXProject section */

/* Begin PBXResourcesBuildPhase section */
		890B8A861FAB5EFD00A95EA9 /* Resources */ = {
			isa = PBXResourcesBuildPhase;
			buildActionMask = 2147483647;
			files = (
				890B8A961FAB5EFD00A95EA9 /* LaunchScreen.storyboard in Resources */,
				890B8A931FAB5EFD00A95EA9 /* Assets.xcassets in Resources */,
				890B8A911FAB5EFD00A95EA9 /* tap.storyboard in Resources */,
			);
			runOnlyForDeploymentPostprocessing = 0;
		};
		890B8A9A1FAB5EFD00A95EA9 /* Resources */ = {
			isa = PBXResourcesBuildPhase;
			buildActionMask = 2147483647;
			files = (
			);
			runOnlyForDeploymentPostprocessing = 0;
		};
		890B8AA51FAB5EFD00A95EA9 /* Resources */ = {
			isa = PBXResourcesBuildPhase;
			buildActionMask = 2147483647;
			files = (
			);
			runOnlyForDeploymentPostprocessing = 0;
		};
/* End PBXResourcesBuildPhase section */

/* Begin PBXSourcesBuildPhase section */
		890B8A841FAB5EFD00A95EA9 /* Sources */ = {
			isa = PBXSourcesBuildPhase;
			buildActionMask = 2147483647;
			files = (
				890B8A8E1FAB5EFD00A95EA9 /* ViewController.swift in Sources */,
				890B8A8C1FAB5EFD00A95EA9 /* AppDelegate.swift in Sources */,
			);
			runOnlyForDeploymentPostprocessing = 0;
		};
		890B8A981FAB5EFD00A95EA9 /* Sources */ = {
			isa = PBXSourcesBuildPhase;
			buildActionMask = 2147483647;
			files = (
				890B8AA11FAB5EFD00A95EA9 /* SheffieldTests.swift in Sources */,
			);
			runOnlyForDeploymentPostprocessing = 0;
		};
		890B8AA31FAB5EFD00A95EA9 /* Sources */ = {
			isa = PBXSourcesBuildPhase;
			buildActionMask = 2147483647;
			files = (
				890B8AAC1FAB5EFD00A95EA9 /* SheffieldUITests.swift in Sources */,
			);
			runOnlyForDeploymentPostprocessing = 0;
		};
/* End PBXSourcesBuildPhase section */

/* Begin PBXTargetDependency section */
		890B8A9E1FAB5EFD00A95EA9 /* PBXTargetDependency */ = {
			isa = PBXTargetDependency;
			target = 890B8A871FAB5EFD00A95EA9 /* Sheffield */;
			targetProxy = 890B8A9D1FAB5EFD00A95EA9 /* PBXContainerItemProxy */;
		};
		890B8AA91FAB5EFD00A95EA9 /* PBXTargetDependency */ = {
			isa = PBXTargetDependency;
			target = 890B8A871FAB5EFD00A95EA9 /* Sheffield */;
			targetProxy = 890B8AA81FAB5EFD00A95EA9 /* PBXContainerItemProxy */;
		};
/* End PBXTargetDependency section */

/* Begin PBXVariantGroup section */
		890B8A8F1FAB5EFD00A95EA9 /* tap.storyboard */ = {
			isa = PBXVariantGroup;
			children = (
				890B8A901FAB5EFD00A95EA9 /* Base */,
			);
			name = tap.storyboard;
			sourceTree = "<group>";
		};
		890B8A941FAB5EFD00A95EA9 /* LaunchScreen.storyboard */ = {
			isa = PBXVariantGroup;
			children = (
				890B8A951FAB5EFD00A95EA9 /* Base */,
			);
			name = LaunchScreen.storyboard;
			sourceTree = "<group>";
		};
/* End PBXVariantGroup section */

/* Begin XCBuildConfiguration section */
		890B8AAE1FAB5EFD00A95EA9 /* Debug */ = {
			isa = XCBuildConfiguration;
			buildSettings = {
				ALWAYS_SEARCH_USER_PATHS = NO;
				CLANG_ANALYZER_NONNULL = YES;
				CLANG_ANALYZER_NUMBER_OBJECT_CONVERSION = YES_AGGRESSIVE;
				CLANG_CXX_LANGUAGE_STANDARD = "gnu++0x";
				CLANG_CXX_LIBRARY = "libc++";
				CLANG_ENABLE_MODULES = YES;
				CLANG_ENABLE_OBJC_ARC = YES;
				CLANG_WARN_BOOL_CONVERSION = YES;
				CLANG_WARN_CONSTANT_CONVERSION = YES;
				CLANG_WARN_DIRECT_OBJC_ISA_USAGE = YES_ERROR;
				CLANG_WARN_DOCUMENTATION_COMMENTS = YES;
				CLANG_WARN_EMPTY_BODY = YES;
				CLANG_WARN_ENUM_CONVERSION = YES;
				CLANG_WARN_INFINITE_RECURSION = YES;
				CLANG_WARN_INT_CONVERSION = YES;
				CLANG_WARN_OBJC_ROOT_CLASS = YES_ERROR;
				CLANG_WARN_SUSPICIOUS_MOVE = YES;
				CLANG_WARN_UNREACHABLE_CODE = YES;
				CLANG_WARN__DUPLICATE_METHOD_MATCH = YES;
				"CODE_SIGN_IDENTITY[sdk=iphoneos*]" = "iPhone Developer";
				COPY_PHASE_STRIP = NO;
				DEBUG_INFORMATION_FORMAT = dwarf;
				ENABLE_STRICT_OBJC_MSGSEND = YES;
				ENABLE_TESTABILITY = YES;
				GCC_C_LANGUAGE_STANDARD = gnu99;
				GCC_DYNAMIC_NO_PIC = NO;
				GCC_NO_COMMON_BLOCKS = YES;
				GCC_OPTIMIZATION_LEVEL = 0;
				GCC_PREPROCESSOR_DEFINITIONS = (
					"DEBUG=1",
					"$(inherited)",
				);
				GCC_WARN_64_TO_32_BIT_CONVERSION = YES;
				GCC_WARN_ABOUT_RETURN_TYPE = YES_ERROR;
				GCC_WARN_UNDECLARED_SELECTOR = YES;
				GCC_WARN_UNINITIALIZED_AUTOS = YES_AGGRESSIVE;
				GCC_WARN_UNUSED_FUNCTION = YES;
				GCC_WARN_UNUSED_VARIABLE = YES;
				IPHONEOS_DEPLOYMENT_TARGET = 10.3;
				MTL_ENABLE_DEBUG_INFO = YES;
				ONLY_ACTIVE_ARCH = YES;
				SDKROOT = iphoneos;
				SWIFT_ACTIVE_COMPILATION_CONDITIONS = DEBUG;
				SWIFT_OPTIMIZATION_LEVEL = "-Onone";
				TARGETED_DEVICE_FAMILY = "1,2";
			};
			name = Debug;
		};
		890B8AAF1FAB5EFD00A95EA9 /* Release */ = {
			isa = XCBuildConfiguration;
			buildSettings = {
				ALWAYS_SEARCH_USER_PATHS = NO;
				CLANG_ANALYZER_NONNULL = YES;
				CLANG_ANALYZER_NUMBER_OBJECT_CONVERSION = YES_AGGRESSIVE;
				CLANG_CXX_LANGUAGE_STANDARD = "gnu++0x";
				CLANG_CXX_LIBRARY = "libc++";
				CLANG_ENABLE_MODULES = YES;
				CLANG_ENABLE_OBJC_ARC = YES;
				CLANG_WARN_BOOL_CONVERSION = YES;
				CLANG_WARN_CONSTANT_CONVERSION = YES;
				CLANG_WARN_DIRECT_OBJC_ISA_USAGE = YES_ERROR;
				CLANG_WARN_DOCUMENTATION_COMMENTS = YES;
				CLANG_WARN_EMPTY_BODY = YES;
				CLANG_WARN_ENUM_CONVERSION = YES;
				CLANG_WARN_INFINITE_RECURSION = YES;
				CLANG_WARN_INT_CONVERSION = YES;
				CLANG_WARN_OBJC_ROOT_CLASS = YES_ERROR;
				CLANG_WARN_SUSPICIOUS_MOVE = YES;
				CLANG_WARN_UNREACHABLE_CODE = YES;
				CLANG_WARN__DUPLICATE_METHOD_MATCH = YES;
				"CODE_SIGN_IDENTITY[sdk=iphoneos*]" = "iPhone Developer";
				COPY_PHASE_STRIP = NO;
				DEBUG_INFORMATION_FORMAT = "dwarf-with-dsym";
				ENABLE_NS_ASSERTIONS = NO;
				ENABLE_STRICT_OBJC_MSGSEND = YES;
				GCC_C_LANGUAGE_STANDARD = gnu99;
				GCC_NO_COMMON_BLOCKS = YES;
				GCC_WARN_64_TO_32_BIT_CONVERSION = YES;
				GCC_WARN_ABOUT_RETURN_TYPE = YES_ERROR;
				GCC_WARN_UNDECLARED_SELECTOR = YES;
				GCC_WARN_UNINITIALIZED_AUTOS = YES_AGGRESSIVE;
				GCC_WARN_UNUSED_FUNCTION = YES;
				GCC_WARN_UNUSED_VARIABLE = YES;
				IPHONEOS_DEPLOYMENT_TARGET = 10.3;
				MTL_ENABLE_DEBUG_INFO = NO;
				SDKROOT = iphoneos;
				SWIFT_OPTIMIZATION_LEVEL = "-Owholemodule";
				TARGETED_DEVICE_FAMILY = "1,2";
				VALIDATE_PRODUCT = YES;
			};
			name = Release;
		};
		890B8AB11FAB5EFD00A95EA9 /* Debug */ = {
			isa = XCBuildConfiguration;
			buildSettings = {
				ASSETCATALOG_COMPILER_APPICON_NAME = AppIcon;
				INFOPLIST_FILE = Sheffield/Info.plist;
				LD_RUNPATH_SEARCH_PATHS = "$(inherited) @executable_path/Frameworks";
				PRODUCT_BUNDLE_IDENTIFIER = Uni.Sheffield;
				PRODUCT_NAME = "$(TARGET_NAME)";
				SWIFT_VERSION = 3.0;
			};
			name = Debug;
		};
		890B8AB21FAB5EFD00A95EA9 /* Release */ = {
			isa = XCBuildConfiguration;
			buildSettings = {
				ASSETCATALOG_COMPILER_APPICON_NAME = AppIcon;
				INFOPLIST_FILE = Sheffield/Info.plist;
				LD_RUNPATH_SEARCH_PATHS = "$(inherited) @executable_path/Frameworks";
				PRODUCT_BUNDLE_IDENTIFIER = Uni.Sheffield;
				PRODUCT_NAME = "$(TARGET_NAME)";
				SWIFT_VERSION = 3.0;
			};
			name = Release;
		};
		890B8AB41FAB5EFD00A95EA9 /* Debug */ = {
			isa = XCBuildConfiguration;
			buildSettings = {
				ALWAYS_EMBED_SWIFT_STANDARD_LIBRARIES = YES;
				BUNDLE_LOADER = "$(TEST_HOST)";
				INFOPLIST_FILE = SheffieldTests/Info.plist;
				LD_RUNPATH_SEARCH_PATHS = "$(inherited) @executable_path/Frameworks @loader_path/Frameworks";
				PRODUCT_BUNDLE_IDENTIFIER = Uni.SheffieldTests;
				PRODUCT_NAME = "$(TARGET_NAME)";
				SWIFT_VERSION = 3.0;
				TEST_HOST = "$(BUILT_PRODUCTS_DIR)/Sheffield.app/Sheffield";
			};
			name = Debug;
		};
		890B8AB51FAB5EFD00A95EA9 /* Release */ = {
			isa = XCBuildConfiguration;
			buildSettings = {
				ALWAYS_EMBED_SWIFT_STANDARD_LIBRARIES = YES;
				BUNDLE_LOADER = "$(TEST_HOST)";
				INFOPLIST_FILE = SheffieldTests/Info.plist;
				LD_RUNPATH_SEARCH_PATHS = "$(inherited) @executable_path/Frameworks @loader_path/Frameworks";
				PRODUCT_BUNDLE_IDENTIFIER = Uni.SheffieldTests;
				PRODUCT_NAME = "$(TARGET_NAME)";
				SWIFT_VERSION = 3.0;
				TEST_HOST = "$(BUILT_PRODUCTS_DIR)/Sheffield.app/Sheffield";
			};
			name = Release;
		};
		890B8AB71FAB5EFD00A95EA9 /* Debug */ = {
			isa = XCBuildConfiguration;
			buildSettings = {
				ALWAYS_EMBED_SWIFT_STANDARD_LIBRARIES = YES;
				INFOPLIST_FILE = SheffieldUITests/Info.plist;
				LD_RUNPATH_SEARCH_PATHS = "$(inherited) @executable_path/Frameworks @loader_path/Frameworks";
				PRODUCT_BUNDLE_IDENTIFIER = Uni.SheffieldUITests;
				PRODUCT_NAME = "$(TARGET_NAME)";
				SWIFT_VERSION = 3.0;
				TEST_TARGET_NAME = Sheffield;
			};
			name = Debug;
		};
		890B8AB81FAB5EFD00A95EA9 /* Release */ = {
			isa = XCBuildConfiguration;
			buildSettings = {
				ALWAYS_EMBED_SWIFT_STANDARD_LIBRARIES = YES;
				INFOPLIST_FILE = SheffieldUITests/Info.plist;
				LD_RUNPATH_SEARCH_PATHS = "$(inherited) @executable_path/Frameworks @loader_path/Frameworks";
				PRODUCT_BUNDLE_IDENTIFIER = Uni.SheffieldUITests;
				PRODUCT_NAME = "$(TARGET_NAME)";
				SWIFT_VERSION = 3.0;
				TEST_TARGET_NAME = Sheffield;
			};
			name = Release;
		};
/* End XCBuildConfiguration section */

/* Begin XCConfigurationList section */
		890B8A831FAB5EFD00A95EA9 /* Build configuration list for PBXProject "Sheffield" */ = {
			isa = XCConfigurationList;
			buildConfigurations = (
				890B8AAE1FAB5EFD00A95EA9 /* Debug */,
				890B8AAF1FAB5EFD00A95EA9 /* Release */,
			);
			defaultConfigurationIsVisible = 0;
			defaultConfigurationName = Release;
		};
		890B8AB01FAB5EFD00A95EA9 /* Build configuration list for PBXNativeTarget "Sheffield" */ = {
			isa = XCConfigurationList;
			buildConfigurations = (
				890B8AB11FAB5EFD00A95EA9 /* Debug */,
				890B8AB21FAB5EFD00A95EA9 /* Release */,
			);
			defaultConfigurationIsVisible = 0;
		};
		890B8AB31FAB5EFD00A95EA9 /* Build configuration list for PBXNativeTarget "SheffieldTests" */ = {
			isa = XCConfigurationList;
			buildConfigurations = (
				890B8AB41FAB5EFD00A95EA9 /* Debug */,
				890B8AB51FAB5EFD00A95EA9 /* Release */,
			);
			defaultConfigurationIsVisible = 0;
		};
		890B8AB61FAB5EFD00A95EA9 /* Build configuration list for PBXNativeTarget "SheffieldUITests" */ = {
			isa = XCConfigurationList;
			buildConfigurations = (
				890B8AB71FAB5EFD00A95EA9 /* Debug */,
				890B8AB81FAB5EFD00A95EA9 /* Release */,
			);
			defaultConfigurationIsVisible = 0;
		};
/* End XCConfigurationList section */
	};
	rootObject = 890B8A801FAB5EFD00A95EA9 /* Project object */;
}
